
Microsoft Visual Studio Solution File, Format Version 12.00
# Visual Studio Version 17
VisualStudioVersion = 17.5.002.0
MinimumVisualStudioVersion = 10.0.40219.1
Project("{9A19103F-16F7-4668-BE54-9A1E7A4F7556}") = "Livraria", "Livraria.csproj", "{2D4807DE-5DC1-4B22-BE14-9946DE7E9802}"
EndProject
Global
	GlobalSection(SolutionConfigurationPlatforms) = preSolution
		Debug|Any CPU = Debug|Any CPU
		Release|Any CPU = Release|Any CPU
	EndGlobalSection
	GlobalSection(ProjectConfigurationPlatforms) = postSolution
		{2D4807DE-5DC1-4B22-BE14-9946DE7E9802}.Debug|Any CPU.ActiveCfg = Debug|Any CPU
		{2D4807DE-5DC1-4B22-BE14-9946DE7E9802}.Debug|Any CPU.Build.0 = Debug|Any CPU
		{2D4807DE-5DC1-4B22-BE14-9946DE7E9802}.Release|Any CPU.ActiveCfg = Release|Any CPU
		{2D4807DE-5DC1-4B22-BE14-9946DE7E9802}.Release|Any CPU.Build.0 = Release|Any CPU
	EndGlobalSection
	GlobalSection(SolutionProperties) = preSolution
		HideSolutionNode = FALSE
	EndGlobalSection
	GlobalSection(ExtensibilityGlobals) = postSolution
		SolutionGuid = {126A9D77-BC8C-43AA-B9E1-017C27080D49}
	EndGlobalSection
EndGlobal
